
Microsoft Visual Studio Solution File, Format Version 12.00
# Visual Studio Version 17
VisualStudioVersion = 17.7.34003.232
MinimumVisualStudioVersion = 10.0.40219.1
Project("{8BC9CEB8-8B4A-11D0-8D11-00A0C91BC942}") = "CoordinateX", "project\CoordinateX\CoordinateX.vcxproj", "{7B5E3EE3-D9C3-4703-9C4B-9DC4170B9039}"
EndProject
Project("{8BC9CEB8-8B4A-11D0-8D11-00A0C91BC942}") = "MaxElement", "project\max_element\max_element.vcxproj", "{480869AD-4030-416F-B436-9CC0800A4B54}"
EndProject
Project("{8BC9CEB8-8B4A-11D0-8D11-00A0C91BC942}") = "Sum", "project\Sum\Sum.vcxproj", "{8E54548F-0275-40FA-94B7-2342729C27D0}"
EndProject
Project("{8BC9CEB8-8B4A-11D0-8D11-00A0C91BC942}") = "QuadraticEquation", "project\Quadratic equation\Quadratic equation.vcxproj", "{DA18316B-C3ED-409B-9F8C-7679692A854A}"
EndProject
Project("{8BC9CEB8-8B4A-11D0-8D11-00A0C91BC942}") = "SearchElement", "project\SearchElement\SearchElement.vcxproj", "{35D46BEE-4086-4E67-9DFE-3425BAFADA5C}"
EndProject
Project("{8BC9CEB8-8B4A-11D0-8D11-00A0C91BC942}") = "LuckyTicket", "project\LuckyTicket\LuckyTicket.vcxproj", "{FC91A359-D7D8-4111-9ECB-8D4B1510CE50}"
EndProject
Project("{8BC9CEB8-8B4A-11D0-8D11-00A0C91BC942}") = "MaxThree", "project\MaxThree\MaxThree.vcxproj", "{15D07BC2-BA1C-4197-95B3-6D51A9F6524B}"
EndProject
Project("{8BC9CEB8-8B4A-11D0-8D11-00A0C91BC942}") = "MaxFour", "project\MaxFour\MaxFour.vcxproj", "{A2CD4F78-13A7-41F3-8D0A-E41EFEC79094}"
EndProject
Project("{8BC9CEB8-8B4A-11D0-8D11-00A0C91BC942}") = "TriangleSquare", "Training_cPlusPlus.vcxproj", "{EF82D35E-B2BE-48FE-AD04-C0C19CA03419}"
EndProject
Project("{8BC9CEB8-8B4A-11D0-8D11-00A0C91BC942}") = "LeapYear", "project\LeapYear\LeapYear.vcxproj", "{AC6531EB-9983-474B-A557-99F3AB0C5F84}"
EndProject
Project("{8BC9CEB8-8B4A-11D0-8D11-00A0C91BC942}") = "IsLeapYear", "project\IsLeapYear\IsLeapYear.vcxproj", "{89AC26AA-3508-42B8-AAB3-CAFC457187C9}"
EndProject
Project("{8BC9CEB8-8B4A-11D0-8D11-00A0C91BC942}") = "Frame", "project\Frame\Frame.vcxproj", "{57AD2671-C570-4BB8-95B3-4D00E1266885}"
EndProject
Project("{8BC9CEB8-8B4A-11D0-8D11-00A0C91BC942}") = "DebuggingOne", "project\DebuggingOne\DebuggingOne.vcxproj", "{742A364F-3CD0-4F0C-9C13-0691C3615434}"
EndProject
Project("{8BC9CEB8-8B4A-11D0-8D11-00A0C91BC942}") = "DebuggingTwo", "project\DebuggingTwo\DebuggingTwo.vcxproj", "{3FE6E337-D445-4152-9E51-3D7AD06D5678}"
EndProject
Project("{8BC9CEB8-8B4A-11D0-8D11-00A0C91BC942}") = "ControlTest", "project\ControlTest\ControlTest.vcxproj", "{ED7C8715-0589-4DFA-8A82-00F8D64AEC8B}"
EndProject
Project("{8BC9CEB8-8B4A-11D0-8D11-00A0C91BC942}") = "TestLib", "project\TestLib\TestLib.vcxproj", "{83966752-B01B-42FF-815A-6ED4A7127562}"
EndProject
Project("{8BC9CEB8-8B4A-11D0-8D11-00A0C91BC942}") = "FactorialLib", "project\FactorialLib\FactorialLib.vcxproj", "{62EA5C9C-50A4-494E-8615-446F13C6133E}"
EndProject
Project("{8BC9CEB8-8B4A-11D0-8D11-00A0C91BC942}") = "CrtLib", "project\CrtLib\CrtLib.vcxproj", "{FF90758F-EE9D-47F2-A984-E26E9944C581}"
EndProject
Project("{8BC9CEB8-8B4A-11D0-8D11-00A0C91BC942}") = "MazeGame", "project\MazeGame\MazeGame.vcxproj", "{61CF6BC7-D5A4-494A-BE5C-EDA24148AA3D}"
EndProject
Project("{8BC9CEB8-8B4A-11D0-8D11-00A0C91BC942}") = "FrameNew", "project\FrameNew\FrameNew.vcxproj", "{C91E8DCD-9B67-4D1C-948B-9E66A72C66E5}"
EndProject
Project("{8BC9CEB8-8B4A-11D0-8D11-00A0C91BC942}") = "TableChar", "project\TableChar\TableChar.vcxproj", "{6EF7469B-7CB9-4332-8EAA-BDB9BEC783F0}"
EndProject
Global
	GlobalSection(SolutionConfigurationPlatforms) = preSolution
		Debug|x64 = Debug|x64
		Debug|x86 = Debug|x86
		Release|x64 = Release|x64
		Release|x86 = Release|x86
	EndGlobalSection
	GlobalSection(ProjectConfigurationPlatforms) = postSolution
		{7B5E3EE3-D9C3-4703-9C4B-9DC4170B9039}.Debug|x64.ActiveCfg = Debug|x64
		{7B5E3EE3-D9C3-4703-9C4B-9DC4170B9039}.Debug|x64.Build.0 = Debug|x64
		{7B5E3EE3-D9C3-4703-9C4B-9DC4170B9039}.Debug|x86.ActiveCfg = Debug|Win32
		{7B5E3EE3-D9C3-4703-9C4B-9DC4170B9039}.Debug|x86.Build.0 = Debug|Win32
		{7B5E3EE3-D9C3-4703-9C4B-9DC4170B9039}.Release|x64.ActiveCfg = Release|x64
		{7B5E3EE3-D9C3-4703-9C4B-9DC4170B9039}.Release|x64.Build.0 = Release|x64
		{7B5E3EE3-D9C3-4703-9C4B-9DC4170B9039}.Release|x86.ActiveCfg = Release|Win32
		{7B5E3EE3-D9C3-4703-9C4B-9DC4170B9039}.Release|x86.Build.0 = Release|Win32
		{480869AD-4030-416F-B436-9CC0800A4B54}.Debug|x64.ActiveCfg = Debug|x64
		{480869AD-4030-416F-B436-9CC0800A4B54}.Debug|x64.Build.0 = Debug|x64
		{480869AD-4030-416F-B436-9CC0800A4B54}.Debug|x86.ActiveCfg = Debug|Win32
		{480869AD-4030-416F-B436-9CC0800A4B54}.Debug|x86.Build.0 = Debug|Win32
		{480869AD-4030-416F-B436-9CC0800A4B54}.Release|x64.ActiveCfg = Release|x64
		{480869AD-4030-416F-B436-9CC0800A4B54}.Release|x64.Build.0 = Release|x64
		{480869AD-4030-416F-B436-9CC0800A4B54}.Release|x86.ActiveCfg = Release|Win32
		{480869AD-4030-416F-B436-9CC0800A4B54}.Release|x86.Build.0 = Release|Win32
		{8E54548F-0275-40FA-94B7-2342729C27D0}.Debug|x64.ActiveCfg = Debug|x64
		{8E54548F-0275-40FA-94B7-2342729C27D0}.Debug|x64.Build.0 = Debug|x64
		{8E54548F-0275-40FA-94B7-2342729C27D0}.Debug|x86.ActiveCfg = Debug|Win32
		{8E54548F-0275-40FA-94B7-2342729C27D0}.Debug|x86.Build.0 = Debug|Win32
		{8E54548F-0275-40FA-94B7-2342729C27D0}.Release|x64.ActiveCfg = Release|x64
		{8E54548F-0275-40FA-94B7-2342729C27D0}.Release|x64.Build.0 = Release|x64
		{8E54548F-0275-40FA-94B7-2342729C27D0}.Release|x86.ActiveCfg = Release|Win32
		{8E54548F-0275-40FA-94B7-2342729C27D0}.Release|x86.Build.0 = Release|Win32
		{DA18316B-C3ED-409B-9F8C-7679692A854A}.Debug|x64.ActiveCfg = Debug|x64
		{DA18316B-C3ED-409B-9F8C-7679692A854A}.Debug|x64.Build.0 = Debug|x64
		{DA18316B-C3ED-409B-9F8C-7679692A854A}.Debug|x86.ActiveCfg = Debug|Win32
		{DA18316B-C3ED-409B-9F8C-7679692A854A}.Debug|x86.Build.0 = Debug|Win32
		{DA18316B-C3ED-409B-9F8C-7679692A854A}.Release|x64.ActiveCfg = Release|x64
		{DA18316B-C3ED-409B-9F8C-7679692A854A}.Release|x64.Build.0 = Release|x64
		{DA18316B-C3ED-409B-9F8C-7679692A854A}.Release|x86.ActiveCfg = Release|Win32
		{DA18316B-C3ED-409B-9F8C-7679692A854A}.Release|x86.Build.0 = Release|Win32
		{35D46BEE-4086-4E67-9DFE-3425BAFADA5C}.Debug|x64.ActiveCfg = Debug|x64
		{35D46BEE-4086-4E67-9DFE-3425BAFADA5C}.Debug|x64.Build.0 = Debug|x64
		{35D46BEE-4086-4E67-9DFE-3425BAFADA5C}.Debug|x86.ActiveCfg = Debug|Win32
		{35D46BEE-4086-4E67-9DFE-3425BAFADA5C}.Debug|x86.Build.0 = Debug|Win32
		{35D46BEE-4086-4E67-9DFE-3425BAFADA5C}.Release|x64.ActiveCfg = Release|x64
		{35D46BEE-4086-4E67-9DFE-3425BAFADA5C}.Release|x64.Build.0 = Release|x64
		{35D46BEE-4086-4E67-9DFE-3425BAFADA5C}.Release|x86.ActiveCfg = Release|Win32
		{35D46BEE-4086-4E67-9DFE-3425BAFADA5C}.Release|x86.Build.0 = Release|Win32
		{FC91A359-D7D8-4111-9ECB-8D4B1510CE50}.Debug|x64.ActiveCfg = Debug|x64
		{FC91A359-D7D8-4111-9ECB-8D4B1510CE50}.Debug|x64.Build.0 = Debug|x64
		{FC91A359-D7D8-4111-9ECB-8D4B1510CE50}.Debug|x86.ActiveCfg = Debug|Win32
		{FC91A359-D7D8-4111-9ECB-8D4B1510CE50}.Debug|x86.Build.0 = Debug|Win32
		{FC91A359-D7D8-4111-9ECB-8D4B1510CE50}.Release|x64.ActiveCfg = Release|x64
		{FC91A359-D7D8-4111-9ECB-8D4B1510CE50}.Release|x64.Build.0 = Release|x64
		{FC91A359-D7D8-4111-9ECB-8D4B1510CE50}.Release|x86.ActiveCfg = Release|Win32
		{FC91A359-D7D8-4111-9ECB-8D4B1510CE50}.Release|x86.Build.0 = Release|Win32
		{15D07BC2-BA1C-4197-95B3-6D51A9F6524B}.Debug|x64.ActiveCfg = Debug|x64
		{15D07BC2-BA1C-4197-95B3-6D51A9F6524B}.Debug|x64.Build.0 = Debug|x64
		{15D07BC2-BA1C-4197-95B3-6D51A9F6524B}.Debug|x86.ActiveCfg = Debug|Win32
		{15D07BC2-BA1C-4197-95B3-6D51A9F6524B}.Debug|x86.Build.0 = Debug|Win32
		{15D07BC2-BA1C-4197-95B3-6D51A9F6524B}.Release|x64.ActiveCfg = Release|x64
		{15D07BC2-BA1C-4197-95B3-6D51A9F6524B}.Release|x64.Build.0 = Release|x64
		{15D07BC2-BA1C-4197-95B3-6D51A9F6524B}.Release|x86.ActiveCfg = Release|Win32
		{15D07BC2-BA1C-4197-95B3-6D51A9F6524B}.Release|x86.Build.0 = Release|Win32
		{A2CD4F78-13A7-41F3-8D0A-E41EFEC79094}.Debug|x64.ActiveCfg = Debug|x64
		{A2CD4F78-13A7-41F3-8D0A-E41EFEC79094}.Debug|x64.Build.0 = Debug|x64
		{A2CD4F78-13A7-41F3-8D0A-E41EFEC79094}.Debug|x86.ActiveCfg = Debug|Win32
		{A2CD4F78-13A7-41F3-8D0A-E41EFEC79094}.Debug|x86.Build.0 = Debug|Win32
		{A2CD4F78-13A7-41F3-8D0A-E41EFEC79094}.Release|x64.ActiveCfg = Release|x64
		{A2CD4F78-13A7-41F3-8D0A-E41EFEC79094}.Release|x64.Build.0 = Release|x64
		{A2CD4F78-13A7-41F3-8D0A-E41EFEC79094}.Release|x86.ActiveCfg = Release|Win32
		{A2CD4F78-13A7-41F3-8D0A-E41EFEC79094}.Release|x86.Build.0 = Release|Win32
		{EF82D35E-B2BE-48FE-AD04-C0C19CA03419}.Debug|x64.ActiveCfg = Debug|x64
		{EF82D35E-B2BE-48FE-AD04-C0C19CA03419}.Debug|x64.Build.0 = Debug|x64
		{EF82D35E-B2BE-48FE-AD04-C0C19CA03419}.Debug|x86.ActiveCfg = Debug|Win32
		{EF82D35E-B2BE-48FE-AD04-C0C19CA03419}.Debug|x86.Build.0 = Debug|Win32
		{EF82D35E-B2BE-48FE-AD04-C0C19CA03419}.Release|x64.ActiveCfg = Release|x64
		{EF82D35E-B2BE-48FE-AD04-C0C19CA03419}.Release|x64.Build.0 = Release|x64
		{EF82D35E-B2BE-48FE-AD04-C0C19CA03419}.Release|x86.ActiveCfg = Release|Win32
		{EF82D35E-B2BE-48FE-AD04-C0C19CA03419}.Release|x86.Build.0 = Release|Win32
		{AC6531EB-9983-474B-A557-99F3AB0C5F84}.Debug|x64.ActiveCfg = Debug|x64
		{AC6531EB-9983-474B-A557-99F3AB0C5F84}.Debug|x64.Build.0 = Debug|x64
		{AC6531EB-9983-474B-A557-99F3AB0C5F84}.Debug|x86.ActiveCfg = Debug|Win32
		{AC6531EB-9983-474B-A557-99F3AB0C5F84}.Debug|x86.Build.0 = Debug|Win32
		{AC6531EB-9983-474B-A557-99F3AB0C5F84}.Release|x64.ActiveCfg = Release|x64
		{AC6531EB-9983-474B-A557-99F3AB0C5F84}.Release|x64.Build.0 = Release|x64
		{AC6531EB-9983-474B-A557-99F3AB0C5F84}.Release|x86.ActiveCfg = Release|Win32
		{AC6531EB-9983-474B-A557-99F3AB0C5F84}.Release|x86.Build.0 = Release|Win32
		{89AC26AA-3508-42B8-AAB3-CAFC457187C9}.Debug|x64.ActiveCfg = Debug|x64
		{89AC26AA-3508-42B8-AAB3-CAFC457187C9}.Debug|x64.Build.0 = Debug|x64
		{89AC26AA-3508-42B8-AAB3-CAFC457187C9}.Debug|x86.ActiveCfg = Debug|Win32
		{89AC26AA-3508-42B8-AAB3-CAFC457187C9}.Debug|x86.Build.0 = Debug|Win32
		{89AC26AA-3508-42B8-AAB3-CAFC457187C9}.Release|x64.ActiveCfg = Release|x64
		{89AC26AA-3508-42B8-AAB3-CAFC457187C9}.Release|x64.Build.0 = Release|x64
		{89AC26AA-3508-42B8-AAB3-CAFC457187C9}.Release|x86.ActiveCfg = Release|Win32
		{89AC26AA-3508-42B8-AAB3-CAFC457187C9}.Release|x86.Build.0 = Release|Win32
		{57AD2671-C570-4BB8-95B3-4D00E1266885}.Debug|x64.ActiveCfg = Debug|x64
		{57AD2671-C570-4BB8-95B3-4D00E1266885}.Debug|x64.Build.0 = Debug|x64
		{57AD2671-C570-4BB8-95B3-4D00E1266885}.Debug|x86.ActiveCfg = Debug|Win32
		{57AD2671-C570-4BB8-95B3-4D00E1266885}.Debug|x86.Build.0 = Debug|Win32
		{57AD2671-C570-4BB8-95B3-4D00E1266885}.Release|x64.ActiveCfg = Release|x64
		{57AD2671-C570-4BB8-95B3-4D00E1266885}.Release|x64.Build.0 = Release|x64
		{57AD2671-C570-4BB8-95B3-4D00E1266885}.Release|x86.ActiveCfg = Release|Win32
		{57AD2671-C570-4BB8-95B3-4D00E1266885}.Release|x86.Build.0 = Release|Win32
		{742A364F-3CD0-4F0C-9C13-0691C3615434}.Debug|x64.ActiveCfg = Debug|x64
		{742A364F-3CD0-4F0C-9C13-0691C3615434}.Debug|x64.Build.0 = Debug|x64
		{742A364F-3CD0-4F0C-9C13-0691C3615434}.Debug|x86.ActiveCfg = Debug|Win32
		{742A364F-3CD0-4F0C-9C13-0691C3615434}.Debug|x86.Build.0 = Debug|Win32
		{742A364F-3CD0-4F0C-9C13-0691C3615434}.Release|x64.ActiveCfg = Release|x64
		{742A364F-3CD0-4F0C-9C13-0691C3615434}.Release|x64.Build.0 = Release|x64
		{742A364F-3CD0-4F0C-9C13-0691C3615434}.Release|x86.ActiveCfg = Release|Win32
		{742A364F-3CD0-4F0C-9C13-0691C3615434}.Release|x86.Build.0 = Release|Win32
		{3FE6E337-D445-4152-9E51-3D7AD06D5678}.Debug|x64.ActiveCfg = Debug|x64
		{3FE6E337-D445-4152-9E51-3D7AD06D5678}.Debug|x64.Build.0 = Debug|x64
		{3FE6E337-D445-4152-9E51-3D7AD06D5678}.Debug|x86.ActiveCfg = Debug|Win32
		{3FE6E337-D445-4152-9E51-3D7AD06D5678}.Debug|x86.Build.0 = Debug|Win32
		{3FE6E337-D445-4152-9E51-3D7AD06D5678}.Release|x64.ActiveCfg = Release|x64
		{3FE6E337-D445-4152-9E51-3D7AD06D5678}.Release|x64.Build.0 = Release|x64
		{3FE6E337-D445-4152-9E51-3D7AD06D5678}.Release|x86.ActiveCfg = Release|Win32
		{3FE6E337-D445-4152-9E51-3D7AD06D5678}.Release|x86.Build.0 = Release|Win32
		{ED7C8715-0589-4DFA-8A82-00F8D64AEC8B}.Debug|x64.ActiveCfg = Debug|x64
		{ED7C8715-0589-4DFA-8A82-00F8D64AEC8B}.Debug|x64.Build.0 = Debug|x64
		{ED7C8715-0589-4DFA-8A82-00F8D64AEC8B}.Debug|x86.ActiveCfg = Debug|Win32
		{ED7C8715-0589-4DFA-8A82-00F8D64AEC8B}.Debug|x86.Build.0 = Debug|Win32
		{ED7C8715-0589-4DFA-8A82-00F8D64AEC8B}.Release|x64.ActiveCfg = Release|x64
		{ED7C8715-0589-4DFA-8A82-00F8D64AEC8B}.Release|x64.Build.0 = Release|x64
		{ED7C8715-0589-4DFA-8A82-00F8D64AEC8B}.Release|x86.ActiveCfg = Release|Win32
		{ED7C8715-0589-4DFA-8A82-00F8D64AEC8B}.Release|x86.Build.0 = Release|Win32
		{83966752-B01B-42FF-815A-6ED4A7127562}.Debug|x64.ActiveCfg = Debug|x64
		{83966752-B01B-42FF-815A-6ED4A7127562}.Debug|x64.Build.0 = Debug|x64
		{83966752-B01B-42FF-815A-6ED4A7127562}.Debug|x86.ActiveCfg = Debug|Win32
		{83966752-B01B-42FF-815A-6ED4A7127562}.Debug|x86.Build.0 = Debug|Win32
		{83966752-B01B-42FF-815A-6ED4A7127562}.Release|x64.ActiveCfg = Release|x64
		{83966752-B01B-42FF-815A-6ED4A7127562}.Release|x64.Build.0 = Release|x64
		{83966752-B01B-42FF-815A-6ED4A7127562}.Release|x86.ActiveCfg = Release|Win32
		{83966752-B01B-42FF-815A-6ED4A7127562}.Release|x86.Build.0 = Release|Win32
		{62EA5C9C-50A4-494E-8615-446F13C6133E}.Debug|x64.ActiveCfg = Debug|x64
		{62EA5C9C-50A4-494E-8615-446F13C6133E}.Debug|x64.Build.0 = Debug|x64
		{62EA5C9C-50A4-494E-8615-446F13C6133E}.Debug|x86.ActiveCfg = Debug|Win32
		{62EA5C9C-50A4-494E-8615-446F13C6133E}.Debug|x86.Build.0 = Debug|Win32
		{62EA5C9C-50A4-494E-8615-446F13C6133E}.Release|x64.ActiveCfg = Release|x64
		{62EA5C9C-50A4-494E-8615-446F13C6133E}.Release|x64.Build.0 = Release|x64
		{62EA5C9C-50A4-494E-8615-446F13C6133E}.Release|x86.ActiveCfg = Release|Win32
		{62EA5C9C-50A4-494E-8615-446F13C6133E}.Release|x86.Build.0 = Release|Win32
		{FF90758F-EE9D-47F2-A984-E26E9944C581}.Debug|x64.ActiveCfg = Debug|x64
		{FF90758F-EE9D-47F2-A984-E26E9944C581}.Debug|x64.Build.0 = Debug|x64
		{FF90758F-EE9D-47F2-A984-E26E9944C581}.Debug|x86.ActiveCfg = Debug|Win32
		{FF90758F-EE9D-47F2-A984-E26E9944C581}.Debug|x86.Build.0 = Debug|Win32
		{FF90758F-EE9D-47F2-A984-E26E9944C581}.Release|x64.ActiveCfg = Release|x64
		{FF90758F-EE9D-47F2-A984-E26E9944C581}.Release|x64.Build.0 = Release|x64
		{FF90758F-EE9D-47F2-A984-E26E9944C581}.Release|x86.ActiveCfg = Release|Win32
		{FF90758F-EE9D-47F2-A984-E26E9944C581}.Release|x86.Build.0 = Release|Win32
		{61CF6BC7-D5A4-494A-BE5C-EDA24148AA3D}.Debug|x64.ActiveCfg = Debug|x64
		{61CF6BC7-D5A4-494A-BE5C-EDA24148AA3D}.Debug|x64.Build.0 = Debug|x64
		{61CF6BC7-D5A4-494A-BE5C-EDA24148AA3D}.Debug|x86.ActiveCfg = Debug|Win32
		{61CF6BC7-D5A4-494A-BE5C-EDA24148AA3D}.Debug|x86.Build.0 = Debug|Win32
		{61CF6BC7-D5A4-494A-BE5C-EDA24148AA3D}.Release|x64.ActiveCfg = Release|x64
		{61CF6BC7-D5A4-494A-BE5C-EDA24148AA3D}.Release|x64.Build.0 = Release|x64
		{61CF6BC7-D5A4-494A-BE5C-EDA24148AA3D}.Release|x86.ActiveCfg = Release|Win32
		{61CF6BC7-D5A4-494A-BE5C-EDA24148AA3D}.Release|x86.Build.0 = Release|Win32
		{C91E8DCD-9B67-4D1C-948B-9E66A72C66E5}.Debug|x64.ActiveCfg = Debug|x64
		{C91E8DCD-9B67-4D1C-948B-9E66A72C66E5}.Debug|x64.Build.0 = Debug|x64
		{C91E8DCD-9B67-4D1C-948B-9E66A72C66E5}.Debug|x86.ActiveCfg = Debug|Win32
		{C91E8DCD-9B67-4D1C-948B-9E66A72C66E5}.Debug|x86.Build.0 = Debug|Win32
		{C91E8DCD-9B67-4D1C-948B-9E66A72C66E5}.Release|x64.ActiveCfg = Release|x64
		{C91E8DCD-9B67-4D1C-948B-9E66A72C66E5}.Release|x64.Build.0 = Release|x64
		{C91E8DCD-9B67-4D1C-948B-9E66A72C66E5}.Release|x86.ActiveCfg = Release|Win32
		{C91E8DCD-9B67-4D1C-948B-9E66A72C66E5}.Release|x86.Build.0 = Release|Win32
		{6EF7469B-7CB9-4332-8EAA-BDB9BEC783F0}.Debug|x64.ActiveCfg = Debug|x64
		{6EF7469B-7CB9-4332-8EAA-BDB9BEC783F0}.Debug|x64.Build.0 = Debug|x64
		{6EF7469B-7CB9-4332-8EAA-BDB9BEC783F0}.Debug|x86.ActiveCfg = Debug|Win32
		{6EF7469B-7CB9-4332-8EAA-BDB9BEC783F0}.Debug|x86.Build.0 = Debug|Win32
		{6EF7469B-7CB9-4332-8EAA-BDB9BEC783F0}.Release|x64.ActiveCfg = Release|x64
		{6EF7469B-7CB9-4332-8EAA-BDB9BEC783F0}.Release|x64.Build.0 = Release|x64
		{6EF7469B-7CB9-4332-8EAA-BDB9BEC783F0}.Release|x86.ActiveCfg = Release|Win32
		{6EF7469B-7CB9-4332-8EAA-BDB9BEC783F0}.Release|x86.Build.0 = Release|Win32
	EndGlobalSection
	GlobalSection(SolutionProperties) = preSolution
		HideSolutionNode = FALSE
	EndGlobalSection
	GlobalSection(ExtensibilityGlobals) = postSolution
		SolutionGuid = {1C6F5AF3-4A7F-4976-A5D2-65A80492B9FC}
	EndGlobalSection
EndGlobal
