
Microsoft Visual Studio Solution File, Format Version 12.00
# Visual Studio Version 17
VisualStudioVersion = 17.7.34003.232
MinimumVisualStudioVersion = 10.0.40219.1
Project("{8BC9CEB8-8B4A-11D0-8D11-00A0C91BC942}") = "TriangleSquare", "Training_cPlusPlus.vcxproj", "{EF82D35E-B2BE-48FE-AD04-C0C19CA03419}"
EndProject
Project("{8BC9CEB8-8B4A-11D0-8D11-00A0C91BC942}") = "CoordinateX", "project\CoordinateX\CoordinateX.vcxproj", "{7B5E3EE3-D9C3-4703-9C4B-9DC4170B9039}"
EndProject
Project("{8BC9CEB8-8B4A-11D0-8D11-00A0C91BC942}") = "MaxElement", "project\max_element\max_element.vcxproj", "{480869AD-4030-416F-B436-9CC0800A4B54}"
EndProject
Project("{8BC9CEB8-8B4A-11D0-8D11-00A0C91BC942}") = "Sum", "project\Sum\Sum.vcxproj", "{8E54548F-0275-40FA-94B7-2342729C27D0}"
EndProject
Project("{8BC9CEB8-8B4A-11D0-8D11-00A0C91BC942}") = "QuadraticEquation", "project\Quadratic equation\Quadratic equation.vcxproj", "{DA18316B-C3ED-409B-9F8C-7679692A854A}"
EndProject
Project("{8BC9CEB8-8B4A-11D0-8D11-00A0C91BC942}") = "SearchElement", "project\SearchElement\SearchElement.vcxproj", "{35D46BEE-4086-4E67-9DFE-3425BAFADA5C}"
EndProject
Project("{8BC9CEB8-8B4A-11D0-8D11-00A0C91BC942}") = "LuckyTicket", "project\LuckyTicket\LuckyTicket.vcxproj", "{FC91A359-D7D8-4111-9ECB-8D4B1510CE50}"
EndProject
Project("{8BC9CEB8-8B4A-11D0-8D11-00A0C91BC942}") = "LeapYear", "project\LeapYear\LeapYear\LeapYear.vcxproj", "{AC6531EB-9983-474B-A557-99F3AB0C5F84}"
EndProject
Project("{8BC9CEB8-8B4A-11D0-8D11-00A0C91BC942}") = "SumTest", "project\SumTest\SumTest\SumTest.vcxproj", "{51D139D7-D0B1-4849-A605-B5430DFEC988}"
EndProject
Project("{8BC9CEB8-8B4A-11D0-8D11-00A0C91BC942}") = "BodyMovement", "project\BodyMovement\BodyMovement\BodyMovement.vcxproj", "{7A230936-9BD3-49CD-BD1F-D892B0A1B0B9}"
EndProject
Project("{8BC9CEB8-8B4A-11D0-8D11-00A0C91BC942}") = "MaxThree", "project\MaxThree\MaxThree.vcxproj", "{15D07BC2-BA1C-4197-95B3-6D51A9F6524B}"
EndProject
Global
	GlobalSection(SolutionConfigurationPlatforms) = preSolution
		Debug|x64 = Debug|x64
		Debug|x86 = Debug|x86
		Release|x64 = Release|x64
		Release|x86 = Release|x86
	EndGlobalSection
	GlobalSection(ProjectConfigurationPlatforms) = postSolution
		{EF82D35E-B2BE-48FE-AD04-C0C19CA03419}.Debug|x64.ActiveCfg = Debug|x64
		{EF82D35E-B2BE-48FE-AD04-C0C19CA03419}.Debug|x64.Build.0 = Debug|x64
		{EF82D35E-B2BE-48FE-AD04-C0C19CA03419}.Debug|x86.ActiveCfg = Debug|Win32
		{EF82D35E-B2BE-48FE-AD04-C0C19CA03419}.Debug|x86.Build.0 = Debug|Win32
		{EF82D35E-B2BE-48FE-AD04-C0C19CA03419}.Release|x64.ActiveCfg = Release|x64
		{EF82D35E-B2BE-48FE-AD04-C0C19CA03419}.Release|x64.Build.0 = Release|x64
		{EF82D35E-B2BE-48FE-AD04-C0C19CA03419}.Release|x86.ActiveCfg = Release|Win32
		{EF82D35E-B2BE-48FE-AD04-C0C19CA03419}.Release|x86.Build.0 = Release|Win32
		{7B5E3EE3-D9C3-4703-9C4B-9DC4170B9039}.Debug|x64.ActiveCfg = Debug|x64
		{7B5E3EE3-D9C3-4703-9C4B-9DC4170B9039}.Debug|x64.Build.0 = Debug|x64
		{7B5E3EE3-D9C3-4703-9C4B-9DC4170B9039}.Debug|x86.ActiveCfg = Debug|Win32
		{7B5E3EE3-D9C3-4703-9C4B-9DC4170B9039}.Debug|x86.Build.0 = Debug|Win32
		{7B5E3EE3-D9C3-4703-9C4B-9DC4170B9039}.Release|x64.ActiveCfg = Release|x64
		{7B5E3EE3-D9C3-4703-9C4B-9DC4170B9039}.Release|x64.Build.0 = Release|x64
		{7B5E3EE3-D9C3-4703-9C4B-9DC4170B9039}.Release|x86.ActiveCfg = Release|Win32
		{7B5E3EE3-D9C3-4703-9C4B-9DC4170B9039}.Release|x86.Build.0 = Release|Win32
		{480869AD-4030-416F-B436-9CC0800A4B54}.Debug|x64.ActiveCfg = Debug|x64
		{480869AD-4030-416F-B436-9CC0800A4B54}.Debug|x64.Build.0 = Debug|x64
		{480869AD-4030-416F-B436-9CC0800A4B54}.Debug|x86.ActiveCfg = Debug|Win32
		{480869AD-4030-416F-B436-9CC0800A4B54}.Debug|x86.Build.0 = Debug|Win32
		{480869AD-4030-416F-B436-9CC0800A4B54}.Release|x64.ActiveCfg = Release|x64
		{480869AD-4030-416F-B436-9CC0800A4B54}.Release|x64.Build.0 = Release|x64
		{480869AD-4030-416F-B436-9CC0800A4B54}.Release|x86.ActiveCfg = Release|Win32
		{480869AD-4030-416F-B436-9CC0800A4B54}.Release|x86.Build.0 = Release|Win32
		{8E54548F-0275-40FA-94B7-2342729C27D0}.Debug|x64.ActiveCfg = Debug|x64
		{8E54548F-0275-40FA-94B7-2342729C27D0}.Debug|x64.Build.0 = Debug|x64
		{8E54548F-0275-40FA-94B7-2342729C27D0}.Debug|x86.ActiveCfg = Debug|Win32
		{8E54548F-0275-40FA-94B7-2342729C27D0}.Debug|x86.Build.0 = Debug|Win32
		{8E54548F-0275-40FA-94B7-2342729C27D0}.Release|x64.ActiveCfg = Release|x64
		{8E54548F-0275-40FA-94B7-2342729C27D0}.Release|x64.Build.0 = Release|x64
		{8E54548F-0275-40FA-94B7-2342729C27D0}.Release|x86.ActiveCfg = Release|Win32
		{8E54548F-0275-40FA-94B7-2342729C27D0}.Release|x86.Build.0 = Release|Win32
		{DA18316B-C3ED-409B-9F8C-7679692A854A}.Debug|x64.ActiveCfg = Debug|x64
		{DA18316B-C3ED-409B-9F8C-7679692A854A}.Debug|x64.Build.0 = Debug|x64
		{DA18316B-C3ED-409B-9F8C-7679692A854A}.Debug|x86.ActiveCfg = Debug|Win32
		{DA18316B-C3ED-409B-9F8C-7679692A854A}.Debug|x86.Build.0 = Debug|Win32
		{DA18316B-C3ED-409B-9F8C-7679692A854A}.Release|x64.ActiveCfg = Release|x64
		{DA18316B-C3ED-409B-9F8C-7679692A854A}.Release|x64.Build.0 = Release|x64
		{DA18316B-C3ED-409B-9F8C-7679692A854A}.Release|x86.ActiveCfg = Release|Win32
		{DA18316B-C3ED-409B-9F8C-7679692A854A}.Release|x86.Build.0 = Release|Win32
		{35D46BEE-4086-4E67-9DFE-3425BAFADA5C}.Debug|x64.ActiveCfg = Debug|x64
		{35D46BEE-4086-4E67-9DFE-3425BAFADA5C}.Debug|x64.Build.0 = Debug|x64
		{35D46BEE-4086-4E67-9DFE-3425BAFADA5C}.Debug|x86.ActiveCfg = Debug|Win32
		{35D46BEE-4086-4E67-9DFE-3425BAFADA5C}.Debug|x86.Build.0 = Debug|Win32
		{35D46BEE-4086-4E67-9DFE-3425BAFADA5C}.Release|x64.ActiveCfg = Release|x64
		{35D46BEE-4086-4E67-9DFE-3425BAFADA5C}.Release|x64.Build.0 = Release|x64
		{35D46BEE-4086-4E67-9DFE-3425BAFADA5C}.Release|x86.ActiveCfg = Release|Win32
		{35D46BEE-4086-4E67-9DFE-3425BAFADA5C}.Release|x86.Build.0 = Release|Win32
		{FC91A359-D7D8-4111-9ECB-8D4B1510CE50}.Debug|x64.ActiveCfg = Debug|x64
		{FC91A359-D7D8-4111-9ECB-8D4B1510CE50}.Debug|x64.Build.0 = Debug|x64
		{FC91A359-D7D8-4111-9ECB-8D4B1510CE50}.Debug|x86.ActiveCfg = Debug|Win32
		{FC91A359-D7D8-4111-9ECB-8D4B1510CE50}.Debug|x86.Build.0 = Debug|Win32
		{FC91A359-D7D8-4111-9ECB-8D4B1510CE50}.Release|x64.ActiveCfg = Release|x64
		{FC91A359-D7D8-4111-9ECB-8D4B1510CE50}.Release|x64.Build.0 = Release|x64
		{FC91A359-D7D8-4111-9ECB-8D4B1510CE50}.Release|x86.ActiveCfg = Release|Win32
		{FC91A359-D7D8-4111-9ECB-8D4B1510CE50}.Release|x86.Build.0 = Release|Win32
		{AC6531EB-9983-474B-A557-99F3AB0C5F84}.Debug|x64.ActiveCfg = Debug|x64
		{AC6531EB-9983-474B-A557-99F3AB0C5F84}.Debug|x64.Build.0 = Debug|x64
		{AC6531EB-9983-474B-A557-99F3AB0C5F84}.Debug|x86.ActiveCfg = Debug|Win32
		{AC6531EB-9983-474B-A557-99F3AB0C5F84}.Debug|x86.Build.0 = Debug|Win32
		{AC6531EB-9983-474B-A557-99F3AB0C5F84}.Release|x64.ActiveCfg = Release|x64
		{AC6531EB-9983-474B-A557-99F3AB0C5F84}.Release|x64.Build.0 = Release|x64
		{AC6531EB-9983-474B-A557-99F3AB0C5F84}.Release|x86.ActiveCfg = Release|Win32
		{AC6531EB-9983-474B-A557-99F3AB0C5F84}.Release|x86.Build.0 = Release|Win32
		{51D139D7-D0B1-4849-A605-B5430DFEC988}.Debug|x64.ActiveCfg = Debug|x64
		{51D139D7-D0B1-4849-A605-B5430DFEC988}.Debug|x64.Build.0 = Debug|x64
		{51D139D7-D0B1-4849-A605-B5430DFEC988}.Debug|x86.ActiveCfg = Debug|Win32
		{51D139D7-D0B1-4849-A605-B5430DFEC988}.Debug|x86.Build.0 = Debug|Win32
		{51D139D7-D0B1-4849-A605-B5430DFEC988}.Release|x64.ActiveCfg = Release|x64
		{51D139D7-D0B1-4849-A605-B5430DFEC988}.Release|x64.Build.0 = Release|x64
		{51D139D7-D0B1-4849-A605-B5430DFEC988}.Release|x86.ActiveCfg = Release|Win32
		{51D139D7-D0B1-4849-A605-B5430DFEC988}.Release|x86.Build.0 = Release|Win32
		{7A230936-9BD3-49CD-BD1F-D892B0A1B0B9}.Debug|x64.ActiveCfg = Debug|x64
		{7A230936-9BD3-49CD-BD1F-D892B0A1B0B9}.Debug|x64.Build.0 = Debug|x64
		{7A230936-9BD3-49CD-BD1F-D892B0A1B0B9}.Debug|x86.ActiveCfg = Debug|Win32
		{7A230936-9BD3-49CD-BD1F-D892B0A1B0B9}.Debug|x86.Build.0 = Debug|Win32
		{7A230936-9BD3-49CD-BD1F-D892B0A1B0B9}.Release|x64.ActiveCfg = Release|x64
		{7A230936-9BD3-49CD-BD1F-D892B0A1B0B9}.Release|x64.Build.0 = Release|x64
		{7A230936-9BD3-49CD-BD1F-D892B0A1B0B9}.Release|x86.ActiveCfg = Release|Win32
		{7A230936-9BD3-49CD-BD1F-D892B0A1B0B9}.Release|x86.Build.0 = Release|Win32
		{15D07BC2-BA1C-4197-95B3-6D51A9F6524B}.Debug|x64.ActiveCfg = Debug|x64
		{15D07BC2-BA1C-4197-95B3-6D51A9F6524B}.Debug|x64.Build.0 = Debug|x64
		{15D07BC2-BA1C-4197-95B3-6D51A9F6524B}.Debug|x86.ActiveCfg = Debug|Win32
		{15D07BC2-BA1C-4197-95B3-6D51A9F6524B}.Debug|x86.Build.0 = Debug|Win32
		{15D07BC2-BA1C-4197-95B3-6D51A9F6524B}.Release|x64.ActiveCfg = Release|x64
		{15D07BC2-BA1C-4197-95B3-6D51A9F6524B}.Release|x64.Build.0 = Release|x64
		{15D07BC2-BA1C-4197-95B3-6D51A9F6524B}.Release|x86.ActiveCfg = Release|Win32
		{15D07BC2-BA1C-4197-95B3-6D51A9F6524B}.Release|x86.Build.0 = Release|Win32
	EndGlobalSection
	GlobalSection(SolutionProperties) = preSolution
		HideSolutionNode = FALSE
	EndGlobalSection
	GlobalSection(ExtensibilityGlobals) = postSolution
		SolutionGuid = {1C6F5AF3-4A7F-4976-A5D2-65A80492B9FC}
	EndGlobalSection
EndGlobal
